
Microsoft Visual Studio Solution File, Format Version 12.00
# Visual Studio Version 16
VisualStudioVersion = 16.0.31729.503
MinimumVisualStudioVersion = 10.0.40219.1
Project("{FAE04EC0-301F-11D3-BF4B-00C04F79EFBC}") = "arquivos", "arquivos.csproj", "{38C2D43F-864A-49C5-9FD7-B99C90ADACD5}"
EndProject
Global
	GlobalSection(SolutionConfigurationPlatforms) = preSolution
		Debug|Any CPU = Debug|Any CPU
		Release|Any CPU = Release|Any CPU
	EndGlobalSection
	GlobalSection(ProjectConfigurationPlatforms) = postSolution
		{38C2D43F-864A-49C5-9FD7-B99C90ADACD5}.Debug|Any CPU.ActiveCfg = Debug|Any CPU
		{38C2D43F-864A-49C5-9FD7-B99C90ADACD5}.Debug|Any CPU.Build.0 = Debug|Any CPU
		{38C2D43F-864A-49C5-9FD7-B99C90ADACD5}.Release|Any CPU.ActiveCfg = Release|Any CPU
		{38C2D43F-864A-49C5-9FD7-B99C90ADACD5}.Release|Any CPU.Build.0 = Release|Any CPU
	EndGlobalSection
	GlobalSection(SolutionProperties) = preSolution
		HideSolutionNode = FALSE
	EndGlobalSection
	GlobalSection(ExtensibilityGlobals) = postSolution
		SolutionGuid = {8AC0D111-74CF-4316-9825-5BFA577A6E01}
	EndGlobalSection
EndGlobal
